<?xml version="1.0" encoding="utf-8"?>
<Project ToolsVersion="4.0" xmlns="http://schemas.microsoft.com/developer/msbuild/2003">
  <ItemGroup>
    <Filter Include="cml_matrix2">
      <UniqueIdentifier>{4c507faf-16ee-424f-877f-2544950496e0}</UniqueIdentifier>
    </Filter>
    <Filter Include="cml_ncgm">
      <UniqueIdentifier>{a92b53b3-c525-40b5-aafb-40a65885ca81}</UniqueIdentifier>
    </Filter>
    <Filter Include="cml_vector">
      <UniqueIdentifier>{369bbdc4-3fd3-4401-9c3d-e470dc2f245d}</UniqueIdentifier>
    </Filter>
    <Filter Include="cml_oneMin">
      <UniqueIdentifier>{b6f8f214-0d2e-4de1-bea7-4fdaa5a2b3af}</UniqueIdentifier>
    </Filter>
  </ItemGroup>
  <ItemGroup>
    <ClCompile Include="src\cml_matrix2\cml_matrix2.cpp">
      <Filter>cml_matrix2</Filter>
    </ClCompile>
    <ClCompile Include="src\cml_ncgm\cml_ncgm.cpp">
      <Filter>cml_ncgm</Filter>
    </ClCompile>
    <ClCompile Include="src\cml_ncgm\fletcherReeves.cpp">
      <Filter>cml_ncgm</Filter>
    </ClCompile>
    <ClCompile Include="src\cml_vector\cml_Vector.cpp">
      <Filter>cml_vector</Filter>
    </ClCompile>
    <ClCompile Include="src\cml_oneMin\cml_oneMin.cpp">
      <Filter>cml_oneMin</Filter>
    </ClCompile>
    <ClCompile Include="src\main.cpp" />
    <ClCompile Include="src\cml_oneMin\cml_golden.cpp">
      <Filter>cml_oneMin</Filter>
    </ClCompile>
  </ItemGroup>
  <ItemGroup>
    <ClInclude Include="src\cml_matrix2\cml_matrix2.h">
      <Filter>cml_matrix2</Filter>
    </ClInclude>
    <ClInclude Include="src\cml_ncgm\cml_ncgm.h">
      <Filter>cml_ncgm</Filter>
    </ClInclude>
    <ClInclude Include="src\cml_ncgm\betaFunc.h">
      <Filter>cml_ncgm</Filter>
    </ClInclude>
    <ClInclude Include="src\cml_ncgm\betaFuncs.h">
      <Filter>cml_ncgm</Filter>
    </ClInclude>
    <ClInclude Include="src\cml_ncgm\fletcherReeves.h">
      <Filter>cml_ncgm</Filter>
    </ClInclude>
    <ClInclude Include="src\cml_vector\cml_Vector.h">
      <Filter>cml_vector</Filter>
    </ClInclude>
    <ClInclude Include="src\cml_oneMin\cml_oneMin.h">
      <Filter>cml_oneMin</Filter>
    </ClInclude>
    <ClInclude Include="src\cml_oneMin\cml_golden.h">
      <Filter>cml_oneMin</Filter>
    </ClInclude>
  </ItemGroup>
</Project>