<?xml version="1.0" encoding="utf-8"?>
<Project ToolsVersion="4.0" xmlns="http://schemas.microsoft.com/developer/msbuild/2003">
  <ItemGroup>
    <Filter Include="cml_matrix2">
      <UniqueIdentifier>{f98469cf-b006-44cc-8007-07ffa64300ef}</UniqueIdentifier>
    </Filter>
    <Filter Include="cml_ncgm">
      <UniqueIdentifier>{a390b5c2-ee96-4f6a-8125-40c83220b1ed}</UniqueIdentifier>
    </Filter>
    <Filter Include="cml_vector">
      <UniqueIdentifier>{d97b7735-dda5-4950-9faa-28de9c23ed89}</UniqueIdentifier>
    </Filter>
    <Filter Include="cml_oneMin">
      <UniqueIdentifier>{805c4241-262a-4a15-af80-895bb07cbee3}</UniqueIdentifier>
    </Filter>
    <Filter Include="pugixml">
      <UniqueIdentifier>{094cf089-b595-4944-ae32-eec6a5bb4f5b}</UniqueIdentifier>
    </Filter>
    <Filter Include="laser">
      <UniqueIdentifier>{4871cd19-c771-48e9-b3a9-4e9c04f3a615}</UniqueIdentifier>
    </Filter>
    <Filter Include="dbr_parser">
      <UniqueIdentifier>{14d2d61c-d35b-4e59-a5de-fb9559024cf6}</UniqueIdentifier>
    </Filter>
    <Filter Include="dbr_field">
      <UniqueIdentifier>{6d7aa385-a54e-4827-81e8-8901f8fdb5ed}</UniqueIdentifier>
    </Filter>
    <Filter Include="laserParams">
      <UniqueIdentifier>{629d9294-a971-4e18-acf4-5995b08fe465}</UniqueIdentifier>
    </Filter>
  </ItemGroup>
  <ItemGroup>
    <ClCompile Include="src\cml_matrix2\cml_matrix2.cpp">
      <Filter>cml_matrix2</Filter>
    </ClCompile>
    <ClCompile Include="src\cml_ncgm\cml_ncgm.cpp">
      <Filter>cml_ncgm</Filter>
    </ClCompile>
    <ClCompile Include="src\cml_ncgm\fletcherReeves.cpp">
      <Filter>cml_ncgm</Filter>
    </ClCompile>
    <ClCompile Include="src\cml_ncgm\polak.cpp">
      <Filter>cml_ncgm</Filter>
    </ClCompile>
    <ClCompile Include="src\cml_ncgm\betaFuncs.cpp">
      <Filter>cml_ncgm</Filter>
    </ClCompile>
    <ClCompile Include="src\cml_ncgm\hestenes.cpp">
      <Filter>cml_ncgm</Filter>
    </ClCompile>
    <ClCompile Include="src\cml_vector\cml_Vector.cpp">
      <Filter>cml_vector</Filter>
    </ClCompile>
    <ClCompile Include="src\cml_oneMin\cml_golden.cpp">
      <Filter>cml_oneMin</Filter>
    </ClCompile>
    <ClCompile Include="src\cml_oneMin\cml_oneMin.cpp">
      <Filter>cml_oneMin</Filter>
    </ClCompile>
    <ClCompile Include="src\pugixml\pugixml.cpp">
      <Filter>pugixml</Filter>
    </ClCompile>
    <ClCompile Include="src\laser\laser.cpp">
      <Filter>laser</Filter>
    </ClCompile>
    <ClCompile Include="src\dbr_parser\dbrParser.cpp">
      <Filter>dbr_parser</Filter>
    </ClCompile>
    <ClCompile Include="src\dbr_field\dbr_field.cpp">
      <Filter>dbr_field</Filter>
    </ClCompile>
    <ClCompile Include="src\laserParams\laserParams.cpp">
      <Filter>laserParams</Filter>
    </ClCompile>
  </ItemGroup>
  <ItemGroup>
    <ClInclude Include="src\cml_matrix2\cml_matrix2.h">
      <Filter>cml_matrix2</Filter>
    </ClInclude>
    <ClInclude Include="src\cml_ncgm\betaFunc.h">
      <Filter>cml_ncgm</Filter>
    </ClInclude>
    <ClInclude Include="src\cml_ncgm\betaFuncs.h">
      <Filter>cml_ncgm</Filter>
    </ClInclude>
    <ClInclude Include="src\cml_ncgm\cml_ncgm.h">
      <Filter>cml_ncgm</Filter>
    </ClInclude>
    <ClInclude Include="src\cml_ncgm\fletcherReeves.h">
      <Filter>cml_ncgm</Filter>
    </ClInclude>
    <ClInclude Include="src\cml_ncgm\polak.h">
      <Filter>cml_ncgm</Filter>
    </ClInclude>
    <ClInclude Include="src\cml_ncgm\hestenes.h">
      <Filter>cml_ncgm</Filter>
    </ClInclude>
    <ClInclude Include="src\cml_vector\cml_Vector.h">
      <Filter>cml_vector</Filter>
    </ClInclude>
    <ClInclude Include="src\cml_oneMin\cml_golden.h">
      <Filter>cml_oneMin</Filter>
    </ClInclude>
    <ClInclude Include="src\cml_oneMin\cml_oneMin.h">
      <Filter>cml_oneMin</Filter>
    </ClInclude>
    <ClInclude Include="src\pugixml\pugiconfig.hpp">
      <Filter>pugixml</Filter>
    </ClInclude>
    <ClInclude Include="src\pugixml\pugixml.hpp">
      <Filter>pugixml</Filter>
    </ClInclude>
    <ClInclude Include="src\laser\laser.h">
      <Filter>laser</Filter>
    </ClInclude>
    <ClInclude Include="src\dbr_parser\dbrParser.h">
      <Filter>dbr_parser</Filter>
    </ClInclude>
    <ClInclude Include="src\dbr_field\dbr_field.h">
      <Filter>dbr_field</Filter>
    </ClInclude>
    <ClInclude Include="src\laserParams\laserParams.h">
      <Filter>laserParams</Filter>
    </ClInclude>
  </ItemGroup>
</Project>